// !$*UTF8*$!
{
	archiveVersion = 1;
	classes = {
	};
	objectVersion = 56;
	objects = {

/* Begin PBXBuildFile section */
		A35D32472AD96E8F004A5775 /* Favorite_PrimeApp.swift in Sources */ = {isa = PBXBuildFile; fileRef = A35D32462AD96E8F004A5775 /* Favorite_PrimeApp.swift */; };
		A35D32492AD96E8F004A5775 /* ContentView.swift in Sources */ = {isa = PBXBuildFile; fileRef = A35D32482AD96E8F004A5775 /* ContentView.swift */; };
		A35D324B2AD96E90004A5775 /* Assets.xcassets in Resources */ = {isa = PBXBuildFile; fileRef = A35D324A2AD96E90004A5775 /* Assets.xcassets */; };
		A35D324E2AD96E90004A5775 /* Preview Assets.xcassets in Resources */ = {isa = PBXBuildFile; fileRef = A35D324D2AD96E90004A5775 /* Preview Assets.xcassets */; };
		A35D32582AD96E90004A5775 /* Favorite_PrimeTests.swift in Sources */ = {isa = PBXBuildFile; fileRef = A35D32572AD96E90004A5775 /* Favorite_PrimeTests.swift */; };
		A35D32622AD96E90004A5775 /* Favorite_PrimeUITests.swift in Sources */ = {isa = PBXBuildFile; fileRef = A35D32612AD96E90004A5775 /* Favorite_PrimeUITests.swift */; };
		A35D32642AD96E90004A5775 /* Favorite_PrimeUITestsLaunchTests.swift in Sources */ = {isa = PBXBuildFile; fileRef = A35D32632AD96E90004A5775 /* Favorite_PrimeUITestsLaunchTests.swift */; };
		A35D32722AD979D7004A5775 /* CounterView.swift in Sources */ = {isa = PBXBuildFile; fileRef = A35D32712AD979D7004A5775 /* CounterView.swift */; };
		A35D32752AD98121004A5775 /* AppState.swift in Sources */ = {isa = PBXBuildFile; fileRef = A35D32742AD98121004A5775 /* AppState.swift */; };
		A35D32782AD98C05004A5775 /* IsPrimeModalView.swift in Sources */ = {isa = PBXBuildFile; fileRef = A35D32772AD98C05004A5775 /* IsPrimeModalView.swift */; };
		A35D327B2ADEB70C004A5775 /* WolframAlphaResult.swift in Sources */ = {isa = PBXBuildFile; fileRef = A35D327A2ADEB70C004A5775 /* WolframAlphaResult.swift */; };
		A35D327D2ADEB7CC004A5775 /* WolframAlphaApi.swift in Sources */ = {isa = PBXBuildFile; fileRef = A35D327C2ADEB7CC004A5775 /* WolframAlphaApi.swift */; };
		A35D327F2ADEBD5B004A5775 /* PrimeAlert.swift in Sources */ = {isa = PBXBuildFile; fileRef = A35D327E2ADEBD5B004A5775 /* PrimeAlert.swift */; };
/* End PBXBuildFile section */

/* Begin PBXContainerItemProxy section */
		A35D32542AD96E90004A5775 /* PBXContainerItemProxy */ = {
			isa = PBXContainerItemProxy;
			containerPortal = A35D323B2AD96E8F004A5775 /* Project object */;
			proxyType = 1;
			remoteGlobalIDString = A35D32422AD96E8F004A5775;
			remoteInfo = Favorite_Prime;
		};
		A35D325E2AD96E90004A5775 /* PBXContainerItemProxy */ = {
			isa = PBXContainerItemProxy;
			containerPortal = A35D323B2AD96E8F004A5775 /* Project object */;
			proxyType = 1;
			remoteGlobalIDString = A35D32422AD96E8F004A5775;
			remoteInfo = Favorite_Prime;
		};
/* End PBXContainerItemProxy section */

/* Begin PBXFileReference section */
		A35D32432AD96E8F004A5775 /* Favorite_Prime.app */ = {isa = PBXFileReference; explicitFileType = wrapper.application; includeInIndex = 0; path = Favorite_Prime.app; sourceTree = BUILT_PRODUCTS_DIR; };
		A35D32462AD96E8F004A5775 /* Favorite_PrimeApp.swift */ = {isa = PBXFileReference; lastKnownFileType = sourcecode.swift; path = Favorite_PrimeApp.swift; sourceTree = "<group>"; };
		A35D32482AD96E8F004A5775 /* ContentView.swift */ = {isa = PBXFileReference; lastKnownFileType = sourcecode.swift; path = ContentView.swift; sourceTree = "<group>"; };
		A35D324A2AD96E90004A5775 /* Assets.xcassets */ = {isa = PBXFileReference; lastKnownFileType = folder.assetcatalog; path = Assets.xcassets; sourceTree = "<group>"; };
		A35D324D2AD96E90004A5775 /* Preview Assets.xcassets */ = {isa = PBXFileReference; lastKnownFileType = folder.assetcatalog; path = "Preview Assets.xcassets"; sourceTree = "<group>"; };
		A35D32532AD96E90004A5775 /* Favorite_PrimeTests.xctest */ = {isa = PBXFileReference; explicitFileType = wrapper.cfbundle; includeInIndex = 0; path = Favorite_PrimeTests.xctest; sourceTree = BUILT_PRODUCTS_DIR; };
		A35D32572AD96E90004A5775 /* Favorite_PrimeTests.swift */ = {isa = PBXFileReference; lastKnownFileType = sourcecode.swift; path = Favorite_PrimeTests.swift; sourceTree = "<group>"; };
		A35D325D2AD96E90004A5775 /* Favorite_PrimeUITests.xctest */ = {isa = PBXFileReference; explicitFileType = wrapper.cfbundle; includeInIndex = 0; path = Favorite_PrimeUITests.xctest; sourceTree = BUILT_PRODUCTS_DIR; };
		A35D32612AD96E90004A5775 /* Favorite_PrimeUITests.swift */ = {isa = PBXFileReference; lastKnownFileType = sourcecode.swift; path = Favorite_PrimeUITests.swift; sourceTree = "<group>"; };
		A35D32632AD96E90004A5775 /* Favorite_PrimeUITestsLaunchTests.swift */ = {isa = PBXFileReference; lastKnownFileType = sourcecode.swift; path = Favorite_PrimeUITestsLaunchTests.swift; sourceTree = "<group>"; };
		A35D32712AD979D7004A5775 /* CounterView.swift */ = {isa = PBXFileReference; lastKnownFileType = sourcecode.swift; path = CounterView.swift; sourceTree = "<group>"; };
		A35D32742AD98121004A5775 /* AppState.swift */ = {isa = PBXFileReference; lastKnownFileType = sourcecode.swift; path = AppState.swift; sourceTree = "<group>"; };
		A35D32772AD98C05004A5775 /* IsPrimeModalView.swift */ = {isa = PBXFileReference; lastKnownFileType = sourcecode.swift; path = IsPrimeModalView.swift; sourceTree = "<group>"; };
		A35D327A2ADEB70C004A5775 /* WolframAlphaResult.swift */ = {isa = PBXFileReference; lastKnownFileType = sourcecode.swift; path = WolframAlphaResult.swift; sourceTree = "<group>"; };
		A35D327C2ADEB7CC004A5775 /* WolframAlphaApi.swift */ = {isa = PBXFileReference; lastKnownFileType = sourcecode.swift; path = WolframAlphaApi.swift; sourceTree = "<group>"; };
		A35D327E2ADEBD5B004A5775 /* PrimeAlert.swift */ = {isa = PBXFileReference; lastKnownFileType = sourcecode.swift; path = PrimeAlert.swift; sourceTree = "<group>"; };
/* End PBXFileReference section */

/* Begin PBXFrameworksBuildPhase section */
		A35D32402AD96E8F004A5775 /* Frameworks */ = {
			isa = PBXFrameworksBuildPhase;
			buildActionMask = 2147483647;
			files = (
			);
			runOnlyForDeploymentPostprocessing = 0;
		};
		A35D32502AD96E90004A5775 /* Frameworks */ = {
			isa = PBXFrameworksBuildPhase;
			buildActionMask = 2147483647;
			files = (
			);
			runOnlyForDeploymentPostprocessing = 0;
		};
		A35D325A2AD96E90004A5775 /* Frameworks */ = {
			isa = PBXFrameworksBuildPhase;
			buildActionMask = 2147483647;
			files = (
			);
			runOnlyForDeploymentPostprocessing = 0;
		};
/* End PBXFrameworksBuildPhase section */

/* Begin PBXGroup section */
		A35D323A2AD96E8F004A5775 = {
			isa = PBXGroup;
			children = (
				A35D32452AD96E8F004A5775 /* Favorite_Prime */,
				A35D32562AD96E90004A5775 /* Favorite_PrimeTests */,
				A35D32602AD96E90004A5775 /* Favorite_PrimeUITests */,
				A35D32442AD96E8F004A5775 /* Products */,
			);
			sourceTree = "<group>";
		};
		A35D32442AD96E8F004A5775 /* Products */ = {
			isa = PBXGroup;
			children = (
				A35D32432AD96E8F004A5775 /* Favorite_Prime.app */,
				A35D32532AD96E90004A5775 /* Favorite_PrimeTests.xctest */,
				A35D325D2AD96E90004A5775 /* Favorite_PrimeUITests.xctest */,
			);
			name = Products;
			sourceTree = "<group>";
		};
		A35D32452AD96E8F004A5775 /* Favorite_Prime */ = {
			isa = PBXGroup;
			children = (
				A35D32792ADEB6EF004A5775 /* Environment */,
				A35D32762AD98BDD004A5775 /* IsPrimeModalView */,
				A35D32732AD98102004A5775 /* AppState */,
				A35D32702AD979C2004A5775 /* CounterView */,
				A35D32462AD96E8F004A5775 /* Favorite_PrimeApp.swift */,
				A35D32482AD96E8F004A5775 /* ContentView.swift */,
				A35D324A2AD96E90004A5775 /* Assets.xcassets */,
				A35D324C2AD96E90004A5775 /* Preview Content */,
			);
			path = Favorite_Prime;
			sourceTree = "<group>";
		};
		A35D324C2AD96E90004A5775 /* Preview Content */ = {
			isa = PBXGroup;
			children = (
				A35D324D2AD96E90004A5775 /* Preview Assets.xcassets */,
			);
			path = "Preview Content";
			sourceTree = "<group>";
		};
		A35D32562AD96E90004A5775 /* Favorite_PrimeTests */ = {
			isa = PBXGroup;
			children = (
				A35D32572AD96E90004A5775 /* Favorite_PrimeTests.swift */,
			);
			path = Favorite_PrimeTests;
			sourceTree = "<group>";
		};
		A35D32602AD96E90004A5775 /* Favorite_PrimeUITests */ = {
			isa = PBXGroup;
			children = (
				A35D32612AD96E90004A5775 /* Favorite_PrimeUITests.swift */,
				A35D32632AD96E90004A5775 /* Favorite_PrimeUITestsLaunchTests.swift */,
			);
			path = Favorite_PrimeUITests;
			sourceTree = "<group>";
		};
		A35D32702AD979C2004A5775 /* CounterView */ = {
			isa = PBXGroup;
			children = (
				A35D32712AD979D7004A5775 /* CounterView.swift */,
				A35D327E2ADEBD5B004A5775 /* PrimeAlert.swift */,
			);
			path = CounterView;
			sourceTree = "<group>";
		};
		A35D32732AD98102004A5775 /* AppState */ = {
			isa = PBXGroup;
			children = (
				A35D32742AD98121004A5775 /* AppState.swift */,
			);
			path = AppState;
			sourceTree = "<group>";
		};
		A35D32762AD98BDD004A5775 /* IsPrimeModalView */ = {
			isa = PBXGroup;
			children = (
				A35D32772AD98C05004A5775 /* IsPrimeModalView.swift */,
			);
			path = IsPrimeModalView;
			sourceTree = "<group>";
		};
		A35D32792ADEB6EF004A5775 /* Environment */ = {
			isa = PBXGroup;
			children = (
				A35D327A2ADEB70C004A5775 /* WolframAlphaResult.swift */,
				A35D327C2ADEB7CC004A5775 /* WolframAlphaApi.swift */,
			);
			path = Environment;
			sourceTree = "<group>";
		};
/* End PBXGroup section */

/* Begin PBXNativeTarget section */
		A35D32422AD96E8F004A5775 /* Favorite_Prime */ = {
			isa = PBXNativeTarget;
			buildConfigurationList = A35D32672AD96E90004A5775 /* Build configuration list for PBXNativeTarget "Favorite_Prime" */;
			buildPhases = (
				A35D323F2AD96E8F004A5775 /* Sources */,
				A35D32402AD96E8F004A5775 /* Frameworks */,
				A35D32412AD96E8F004A5775 /* Resources */,
			);
			buildRules = (
			);
			dependencies = (
			);
			name = Favorite_Prime;
			productName = Favorite_Prime;
			productReference = A35D32432AD96E8F004A5775 /* Favorite_Prime.app */;
			productType = "com.apple.product-type.application";
		};
		A35D32522AD96E90004A5775 /* Favorite_PrimeTests */ = {
			isa = PBXNativeTarget;
			buildConfigurationList = A35D326A2AD96E90004A5775 /* Build configuration list for PBXNativeTarget "Favorite_PrimeTests" */;
			buildPhases = (
				A35D324F2AD96E90004A5775 /* Sources */,
				A35D32502AD96E90004A5775 /* Frameworks */,
				A35D32512AD96E90004A5775 /* Resources */,
			);
			buildRules = (
			);
			dependencies = (
				A35D32552AD96E90004A5775 /* PBXTargetDependency */,
			);
			name = Favorite_PrimeTests;
			productName = Favorite_PrimeTests;
			productReference = A35D32532AD96E90004A5775 /* Favorite_PrimeTests.xctest */;
			productType = "com.apple.product-type.bundle.unit-test";
		};
		A35D325C2AD96E90004A5775 /* Favorite_PrimeUITests */ = {
			isa = PBXNativeTarget;
			buildConfigurationList = A35D326D2AD96E90004A5775 /* Build configuration list for PBXNativeTarget "Favorite_PrimeUITests" */;
			buildPhases = (
				A35D32592AD96E90004A5775 /* Sources */,
				A35D325A2AD96E90004A5775 /* Frameworks */,
				A35D325B2AD96E90004A5775 /* Resources */,
			);
			buildRules = (
			);
			dependencies = (
				A35D325F2AD96E90004A5775 /* PBXTargetDependency */,
			);
			name = Favorite_PrimeUITests;
			productName = Favorite_PrimeUITests;
			productReference = A35D325D2AD96E90004A5775 /* Favorite_PrimeUITests.xctest */;
			productType = "com.apple.product-type.bundle.ui-testing";
		};
/* End PBXNativeTarget section */

/* Begin PBXProject section */
		A35D323B2AD96E8F004A5775 /* Project object */ = {
			isa = PBXProject;
			attributes = {
				BuildIndependentTargetsInParallel = 1;
				LastSwiftUpdateCheck = 1500;
				LastUpgradeCheck = 1500;
				TargetAttributes = {
					A35D32422AD96E8F004A5775 = {
						CreatedOnToolsVersion = 15.0;
					};
					A35D32522AD96E90004A5775 = {
						CreatedOnToolsVersion = 15.0;
						TestTargetID = A35D32422AD96E8F004A5775;
					};
					A35D325C2AD96E90004A5775 = {
						CreatedOnToolsVersion = 15.0;
						TestTargetID = A35D32422AD96E8F004A5775;
					};
				};
			};
			buildConfigurationList = A35D323E2AD96E8F004A5775 /* Build configuration list for PBXProject "Favorite_Prime" */;
			compatibilityVersion = "Xcode 14.0";
			developmentRegion = en;
			hasScannedForEncodings = 0;
			knownRegions = (
				en,
				Base,
			);
			mainGroup = A35D323A2AD96E8F004A5775;
			productRefGroup = A35D32442AD96E8F004A5775 /* Products */;
			projectDirPath = "";
			projectRoot = "";
			targets = (
				A35D32422AD96E8F004A5775 /* Favorite_Prime */,
				A35D32522AD96E90004A5775 /* Favorite_PrimeTests */,
				A35D325C2AD96E90004A5775 /* Favorite_PrimeUITests */,
			);
		};
/* End PBXProject section */

/* Begin PBXResourcesBuildPhase section */
		A35D32412AD96E8F004A5775 /* Resources */ = {
			isa = PBXResourcesBuildPhase;
			buildActionMask = 2147483647;
			files = (
				A35D324E2AD96E90004A5775 /* Preview Assets.xcassets in Resources */,
				A35D324B2AD96E90004A5775 /* Assets.xcassets in Resources */,
			);
			runOnlyForDeploymentPostprocessing = 0;
		};
		A35D32512AD96E90004A5775 /* Resources */ = {
			isa = PBXResourcesBuildPhase;
			buildActionMask = 2147483647;
			files = (
			);
			runOnlyForDeploymentPostprocessing = 0;
		};
		A35D325B2AD96E90004A5775 /* Resources */ = {
			isa = PBXResourcesBuildPhase;
			buildActionMask = 2147483647;
			files = (
			);
			runOnlyForDeploymentPostprocessing = 0;
		};
/* End PBXResourcesBuildPhase section */

/* Begin PBXSourcesBuildPhase section */
		A35D323F2AD96E8F004A5775 /* Sources */ = {
			isa = PBXSourcesBuildPhase;
			buildActionMask = 2147483647;
			files = (
				A35D327F2ADEBD5B004A5775 /* PrimeAlert.swift in Sources */,
				A35D327B2ADEB70C004A5775 /* WolframAlphaResult.swift in Sources */,
				A35D32782AD98C05004A5775 /* IsPrimeModalView.swift in Sources */,
				A35D32492AD96E8F004A5775 /* ContentView.swift in Sources */,
				A35D32472AD96E8F004A5775 /* Favorite_PrimeApp.swift in Sources */,
				A35D32722AD979D7004A5775 /* CounterView.swift in Sources */,
				A35D327D2ADEB7CC004A5775 /* WolframAlphaApi.swift in Sources */,
				A35D32752AD98121004A5775 /* AppState.swift in Sources */,
			);
			runOnlyForDeploymentPostprocessing = 0;
		};
		A35D324F2AD96E90004A5775 /* Sources */ = {
			isa = PBXSourcesBuildPhase;
			buildActionMask = 2147483647;
			files = (
				A35D32582AD96E90004A5775 /* Favorite_PrimeTests.swift in Sources */,
			);
			runOnlyForDeploymentPostprocessing = 0;
		};
		A35D32592AD96E90004A5775 /* Sources */ = {
			isa = PBXSourcesBuildPhase;
			buildActionMask = 2147483647;
			files = (
				A35D32642AD96E90004A5775 /* Favorite_PrimeUITestsLaunchTests.swift in Sources */,
				A35D32622AD96E90004A5775 /* Favorite_PrimeUITests.swift in Sources */,
			);
			runOnlyForDeploymentPostprocessing = 0;
		};
/* End PBXSourcesBuildPhase section */

/* Begin PBXTargetDependency section */
		A35D32552AD96E90004A5775 /* PBXTargetDependency */ = {
			isa = PBXTargetDependency;
			target = A35D32422AD96E8F004A5775 /* Favorite_Prime */;
			targetProxy = A35D32542AD96E90004A5775 /* PBXContainerItemProxy */;
		};
		A35D325F2AD96E90004A5775 /* PBXTargetDependency */ = {
			isa = PBXTargetDependency;
			target = A35D32422AD96E8F004A5775 /* Favorite_Prime */;
			targetProxy = A35D325E2AD96E90004A5775 /* PBXContainerItemProxy */;
		};
/* End PBXTargetDependency section */

/* Begin XCBuildConfiguration section */
		A35D32652AD96E90004A5775 /* Debug */ = {
			isa = XCBuildConfiguration;
			buildSettings = {
				ALWAYS_SEARCH_USER_PATHS = NO;
				ASSETCATALOG_COMPILER_GENERATE_SWIFT_ASSET_SYMBOL_EXTENSIONS = YES;
				CLANG_ANALYZER_NONNULL = YES;
				CLANG_ANALYZER_NUMBER_OBJECT_CONVERSION = YES_AGGRESSIVE;
				CLANG_CXX_LANGUAGE_STANDARD = "gnu++20";
				CLANG_ENABLE_MODULES = YES;
				CLANG_ENABLE_OBJC_ARC = YES;
				CLANG_ENABLE_OBJC_WEAK = YES;
				CLANG_WARN_BLOCK_CAPTURE_AUTORELEASING = YES;
				CLANG_WARN_BOOL_CONVERSION = YES;
				CLANG_WARN_COMMA = YES;
				CLANG_WARN_CONSTANT_CONVERSION = YES;
				CLANG_WARN_DEPRECATED_OBJC_IMPLEMENTATIONS = YES;
				CLANG_WARN_DIRECT_OBJC_ISA_USAGE = YES_ERROR;
				CLANG_WARN_DOCUMENTATION_COMMENTS = YES;
				CLANG_WARN_EMPTY_BODY = YES;
				CLANG_WARN_ENUM_CONVERSION = YES;
				CLANG_WARN_INFINITE_RECURSION = YES;
				CLANG_WARN_INT_CONVERSION = YES;
				CLANG_WARN_NON_LITERAL_NULL_CONVERSION = YES;
				CLANG_WARN_OBJC_IMPLICIT_RETAIN_SELF = YES;
				CLANG_WARN_OBJC_LITERAL_CONVERSION = YES;
				CLANG_WARN_OBJC_ROOT_CLASS = YES_ERROR;
				CLANG_WARN_QUOTED_INCLUDE_IN_FRAMEWORK_HEADER = YES;
				CLANG_WARN_RANGE_LOOP_ANALYSIS = YES;
				CLANG_WARN_STRICT_PROTOTYPES = YES;
				CLANG_WARN_SUSPICIOUS_MOVE = YES;
				CLANG_WARN_UNGUARDED_AVAILABILITY = YES_AGGRESSIVE;
				CLANG_WARN_UNREACHABLE_CODE = YES;
				CLANG_WARN__DUPLICATE_METHOD_MATCH = YES;
				COPY_PHASE_STRIP = NO;
				DEBUG_INFORMATION_FORMAT = dwarf;
				ENABLE_STRICT_OBJC_MSGSEND = YES;
				ENABLE_TESTABILITY = YES;
				ENABLE_USER_SCRIPT_SANDBOXING = YES;
				GCC_C_LANGUAGE_STANDARD = gnu17;
				GCC_DYNAMIC_NO_PIC = NO;
				GCC_NO_COMMON_BLOCKS = YES;
				GCC_OPTIMIZATION_LEVEL = 0;
				GCC_PREPROCESSOR_DEFINITIONS = (
					"DEBUG=1",
					"$(inherited)",
				);
				GCC_WARN_64_TO_32_BIT_CONVERSION = YES;
				GCC_WARN_ABOUT_RETURN_TYPE = YES_ERROR;
				GCC_WARN_UNDECLARED_SELECTOR = YES;
				GCC_WARN_UNINITIALIZED_AUTOS = YES_AGGRESSIVE;
				GCC_WARN_UNUSED_FUNCTION = YES;
				GCC_WARN_UNUSED_VARIABLE = YES;
				IPHONEOS_DEPLOYMENT_TARGET = 17.0;
				LOCALIZATION_PREFERS_STRING_CATALOGS = YES;
				MTL_ENABLE_DEBUG_INFO = INCLUDE_SOURCE;
				MTL_FAST_MATH = YES;
				ONLY_ACTIVE_ARCH = YES;
				SDKROOT = iphoneos;
				SWIFT_ACTIVE_COMPILATION_CONDITIONS = "DEBUG $(inherited)";
				SWIFT_OPTIMIZATION_LEVEL = "-Onone";
			};
			name = Debug;
		};
		A35D32662AD96E90004A5775 /* Release */ = {
			isa = XCBuildConfiguration;
			buildSettings = {
				ALWAYS_SEARCH_USER_PATHS = NO;
				ASSETCATALOG_COMPILER_GENERATE_SWIFT_ASSET_SYMBOL_EXTENSIONS = YES;
				CLANG_ANALYZER_NONNULL = YES;
				CLANG_ANALYZER_NUMBER_OBJECT_CONVERSION = YES_AGGRESSIVE;
				CLANG_CXX_LANGUAGE_STANDARD = "gnu++20";
				CLANG_ENABLE_MODULES = YES;
				CLANG_ENABLE_OBJC_ARC = YES;
				CLANG_ENABLE_OBJC_WEAK = YES;
				CLANG_WARN_BLOCK_CAPTURE_AUTORELEASING = YES;
				CLANG_WARN_BOOL_CONVERSION = YES;
				CLANG_WARN_COMMA = YES;
				CLANG_WARN_CONSTANT_CONVERSION = YES;
				CLANG_WARN_DEPRECATED_OBJC_IMPLEMENTATIONS = YES;
				CLANG_WARN_DIRECT_OBJC_ISA_USAGE = YES_ERROR;
				CLANG_WARN_DOCUMENTATION_COMMENTS = YES;
				CLANG_WARN_EMPTY_BODY = YES;
				CLANG_WARN_ENUM_CONVERSION = YES;
				CLANG_WARN_INFINITE_RECURSION = YES;
				CLANG_WARN_INT_CONVERSION = YES;
				CLANG_WARN_NON_LITERAL_NULL_CONVERSION = YES;
				CLANG_WARN_OBJC_IMPLICIT_RETAIN_SELF = YES;
				CLANG_WARN_OBJC_LITERAL_CONVERSION = YES;
				CLANG_WARN_OBJC_ROOT_CLASS = YES_ERROR;
				CLANG_WARN_QUOTED_INCLUDE_IN_FRAMEWORK_HEADER = YES;
				CLANG_WARN_RANGE_LOOP_ANALYSIS = YES;
				CLANG_WARN_STRICT_PROTOTYPES = YES;
				CLANG_WARN_SUSPICIOUS_MOVE = YES;
				CLANG_WARN_UNGUARDED_AVAILABILITY = YES_AGGRESSIVE;
				CLANG_WARN_UNREACHABLE_CODE = YES;
				CLANG_WARN__DUPLICATE_METHOD_MATCH = YES;
				COPY_PHASE_STRIP = NO;
				DEBUG_INFORMATION_FORMAT = "dwarf-with-dsym";
				ENABLE_NS_ASSERTIONS = NO;
				ENABLE_STRICT_OBJC_MSGSEND = YES;
				ENABLE_USER_SCRIPT_SANDBOXING = YES;
				GCC_C_LANGUAGE_STANDARD = gnu17;
				GCC_NO_COMMON_BLOCKS = YES;
				GCC_WARN_64_TO_32_BIT_CONVERSION = YES;
				GCC_WARN_ABOUT_RETURN_TYPE = YES_ERROR;
				GCC_WARN_UNDECLARED_SELECTOR = YES;
				GCC_WARN_UNINITIALIZED_AUTOS = YES_AGGRESSIVE;
				GCC_WARN_UNUSED_FUNCTION = YES;
				GCC_WARN_UNUSED_VARIABLE = YES;
				IPHONEOS_DEPLOYMENT_TARGET = 17.0;
				LOCALIZATION_PREFERS_STRING_CATALOGS = YES;
				MTL_ENABLE_DEBUG_INFO = NO;
				MTL_FAST_MATH = YES;
				SDKROOT = iphoneos;
				SWIFT_COMPILATION_MODE = wholemodule;
				VALIDATE_PRODUCT = YES;
			};
			name = Release;
		};
		A35D32682AD96E90004A5775 /* Debug */ = {
			isa = XCBuildConfiguration;
			buildSettings = {
				ASSETCATALOG_COMPILER_APPICON_NAME = AppIcon;
				ASSETCATALOG_COMPILER_GLOBAL_ACCENT_COLOR_NAME = AccentColor;
				CODE_SIGN_STYLE = Automatic;
				CURRENT_PROJECT_VERSION = 1;
				DEVELOPMENT_ASSET_PATHS = "\"Favorite_Prime/Preview Content\"";
				DEVELOPMENT_TEAM = Z5SY25G88G;
				ENABLE_PREVIEWS = YES;
				GENERATE_INFOPLIST_FILE = YES;
				INFOPLIST_KEY_UIApplicationSceneManifest_Generation = YES;
				INFOPLIST_KEY_UIApplicationSupportsIndirectInputEvents = YES;
				INFOPLIST_KEY_UILaunchScreen_Generation = YES;
				INFOPLIST_KEY_UISupportedInterfaceOrientations_iPad = "UIInterfaceOrientationPortrait UIInterfaceOrientationPortraitUpsideDown UIInterfaceOrientationLandscapeLeft UIInterfaceOrientationLandscapeRight";
				INFOPLIST_KEY_UISupportedInterfaceOrientations_iPhone = "UIInterfaceOrientationPortrait UIInterfaceOrientationLandscapeLeft UIInterfaceOrientationLandscapeRight";
				LD_RUNPATH_SEARCH_PATHS = (
					"$(inherited)",
					"@executable_path/Frameworks",
				);
				MARKETING_VERSION = 1.0;
				PRODUCT_BUNDLE_IDENTIFIER = "XoXo.Favorite-Prime";
				PRODUCT_NAME = "$(TARGET_NAME)";
				SWIFT_EMIT_LOC_STRINGS = YES;
				SWIFT_VERSION = 5.0;
				TARGETED_DEVICE_FAMILY = "1,2";
			};
			name = Debug;
		};
		A35D32692AD96E90004A5775 /* Release */ = {
			isa = XCBuildConfiguration;
			buildSettings = {
				ASSETCATALOG_COMPILER_APPICON_NAME = AppIcon;
				ASSETCATALOG_COMPILER_GLOBAL_ACCENT_COLOR_NAME = AccentColor;
				CODE_SIGN_STYLE = Automatic;
				CURRENT_PROJECT_VERSION = 1;
				DEVELOPMENT_ASSET_PATHS = "\"Favorite_Prime/Preview Content\"";
				DEVELOPMENT_TEAM = Z5SY25G88G;
				ENABLE_PREVIEWS = YES;
				GENERATE_INFOPLIST_FILE = YES;
				INFOPLIST_KEY_UIApplicationSceneManifest_Generation = YES;
				INFOPLIST_KEY_UIApplicationSupportsIndirectInputEvents = YES;
				INFOPLIST_KEY_UILaunchScreen_Generation = YES;
				INFOPLIST_KEY_UISupportedInterfaceOrientations_iPad = "UIInterfaceOrientationPortrait UIInterfaceOrientationPortraitUpsideDown UIInterfaceOrientationLandscapeLeft UIInterfaceOrientationLandscapeRight";
				INFOPLIST_KEY_UISupportedInterfaceOrientations_iPhone = "UIInterfaceOrientationPortrait UIInterfaceOrientationLandscapeLeft UIInterfaceOrientationLandscapeRight";
				LD_RUNPATH_SEARCH_PATHS = (
					"$(inherited)",
					"@executable_path/Frameworks",
				);
				MARKETING_VERSION = 1.0;
				PRODUCT_BUNDLE_IDENTIFIER = "XoXo.Favorite-Prime";
				PRODUCT_NAME = "$(TARGET_NAME)";
				SWIFT_EMIT_LOC_STRINGS = YES;
				SWIFT_VERSION = 5.0;
				TARGETED_DEVICE_FAMILY = "1,2";
			};
			name = Release;
		};
		A35D326B2AD96E90004A5775 /* Debug */ = {
			isa = XCBuildConfiguration;
			buildSettings = {
				ALWAYS_EMBED_SWIFT_STANDARD_LIBRARIES = YES;
				BUNDLE_LOADER = "$(TEST_HOST)";
				CODE_SIGN_STYLE = Automatic;
				CURRENT_PROJECT_VERSION = 1;
				DEVELOPMENT_TEAM = Z5SY25G88G;
				GENERATE_INFOPLIST_FILE = YES;
				IPHONEOS_DEPLOYMENT_TARGET = 17.0;
				MARKETING_VERSION = 1.0;
				PRODUCT_BUNDLE_IDENTIFIER = "XoXo.Favorite-PrimeTests";
				PRODUCT_NAME = "$(TARGET_NAME)";
				SWIFT_EMIT_LOC_STRINGS = NO;
				SWIFT_VERSION = 5.0;
				TARGETED_DEVICE_FAMILY = "1,2";
				TEST_HOST = "$(BUILT_PRODUCTS_DIR)/Favorite_Prime.app/$(BUNDLE_EXECUTABLE_FOLDER_PATH)/Favorite_Prime";
			};
			name = Debug;
		};
		A35D326C2AD96E90004A5775 /* Release */ = {
			isa = XCBuildConfiguration;
			buildSettings = {
				ALWAYS_EMBED_SWIFT_STANDARD_LIBRARIES = YES;
				BUNDLE_LOADER = "$(TEST_HOST)";
				CODE_SIGN_STYLE = Automatic;
				CURRENT_PROJECT_VERSION = 1;
				DEVELOPMENT_TEAM = Z5SY25G88G;
				GENERATE_INFOPLIST_FILE = YES;
				IPHONEOS_DEPLOYMENT_TARGET = 17.0;
				MARKETING_VERSION = 1.0;
				PRODUCT_BUNDLE_IDENTIFIER = "XoXo.Favorite-PrimeTests";
				PRODUCT_NAME = "$(TARGET_NAME)";
				SWIFT_EMIT_LOC_STRINGS = NO;
				SWIFT_VERSION = 5.0;
				TARGETED_DEVICE_FAMILY = "1,2";
				TEST_HOST = "$(BUILT_PRODUCTS_DIR)/Favorite_Prime.app/$(BUNDLE_EXECUTABLE_FOLDER_PATH)/Favorite_Prime";
			};
			name = Release;
		};
		A35D326E2AD96E90004A5775 /* Debug */ = {
			isa = XCBuildConfiguration;
			buildSettings = {
				ALWAYS_EMBED_SWIFT_STANDARD_LIBRARIES = YES;
				CODE_SIGN_STYLE = Automatic;
				CURRENT_PROJECT_VERSION = 1;
				DEVELOPMENT_TEAM = Z5SY25G88G;
				GENERATE_INFOPLIST_FILE = YES;
				MARKETING_VERSION = 1.0;
				PRODUCT_BUNDLE_IDENTIFIER = "XoXo.Favorite-PrimeUITests";
				PRODUCT_NAME = "$(TARGET_NAME)";
				SWIFT_EMIT_LOC_STRINGS = NO;
				SWIFT_VERSION = 5.0;
				TARGETED_DEVICE_FAMILY = "1,2";
				TEST_TARGET_NAME = Favorite_Prime;
			};
			name = Debug;
		};
		A35D326F2AD96E90004A5775 /* Release */ = {
			isa = XCBuildConfiguration;
			buildSettings = {
				ALWAYS_EMBED_SWIFT_STANDARD_LIBRARIES = YES;
				CODE_SIGN_STYLE = Automatic;
				CURRENT_PROJECT_VERSION = 1;
				DEVELOPMENT_TEAM = Z5SY25G88G;
				GENERATE_INFOPLIST_FILE = YES;
				MARKETING_VERSION = 1.0;
				PRODUCT_BUNDLE_IDENTIFIER = "XoXo.Favorite-PrimeUITests";
				PRODUCT_NAME = "$(TARGET_NAME)";
				SWIFT_EMIT_LOC_STRINGS = NO;
				SWIFT_VERSION = 5.0;
				TARGETED_DEVICE_FAMILY = "1,2";
				TEST_TARGET_NAME = Favorite_Prime;
			};
			name = Release;
		};
/* End XCBuildConfiguration section */

/* Begin XCConfigurationList section */
		A35D323E2AD96E8F004A5775 /* Build configuration list for PBXProject "Favorite_Prime" */ = {
			isa = XCConfigurationList;
			buildConfigurations = (
				A35D32652AD96E90004A5775 /* Debug */,
				A35D32662AD96E90004A5775 /* Release */,
			);
			defaultConfigurationIsVisible = 0;
			defaultConfigurationName = Release;
		};
		A35D32672AD96E90004A5775 /* Build configuration list for PBXNativeTarget "Favorite_Prime" */ = {
			isa = XCConfigurationList;
			buildConfigurations = (
				A35D32682AD96E90004A5775 /* Debug */,
				A35D32692AD96E90004A5775 /* Release */,
			);
			defaultConfigurationIsVisible = 0;
			defaultConfigurationName = Release;
		};
		A35D326A2AD96E90004A5775 /* Build configuration list for PBXNativeTarget "Favorite_PrimeTests" */ = {
			isa = XCConfigurationList;
			buildConfigurations = (
				A35D326B2AD96E90004A5775 /* Debug */,
				A35D326C2AD96E90004A5775 /* Release */,
			);
			defaultConfigurationIsVisible = 0;
			defaultConfigurationName = Release;
		};
		A35D326D2AD96E90004A5775 /* Build configuration list for PBXNativeTarget "Favorite_PrimeUITests" */ = {
			isa = XCConfigurationList;
			buildConfigurations = (
				A35D326E2AD96E90004A5775 /* Debug */,
				A35D326F2AD96E90004A5775 /* Release */,
			);
			defaultConfigurationIsVisible = 0;
			defaultConfigurationName = Release;
		};
/* End XCConfigurationList section */
	};
	rootObject = A35D323B2AD96E8F004A5775 /* Project object */;
}
